// !$*UTF8*$!
{
	archiveVersion = 1;
	classes = {
	};
	objectVersion = 50;
	objects = {

/* Begin PBXBuildFile section */
		7586A6A4247C4A38006CF42A /* AppDelegate.swift in Sources */ = {isa = PBXBuildFile; fileRef = 7586A6A3247C4A38006CF42A /* AppDelegate.swift */; };
		7586A6A6247C4A38006CF42A /* SceneDelegate.swift in Sources */ = {isa = PBXBuildFile; fileRef = 7586A6A5247C4A38006CF42A /* SceneDelegate.swift */; };
		7586A6A8247C4A38006CF42A /* EmojiMemoryGameView.swift in Sources */ = {isa = PBXBuildFile; fileRef = 7586A6A7247C4A38006CF42A /* EmojiMemoryGameView.swift */; };
		7586A6AA247C4A3C006CF42A /* Assets.xcassets in Resources */ = {isa = PBXBuildFile; fileRef = 7586A6A9247C4A3C006CF42A /* Assets.xcassets */; };
		7586A6AD247C4A3C006CF42A /* Preview Assets.xcassets in Resources */ = {isa = PBXBuildFile; fileRef = 7586A6AC247C4A3C006CF42A /* Preview Assets.xcassets */; };
		7586A6B0247C4A3C006CF42A /* LaunchScreen.storyboard in Resources */ = {isa = PBXBuildFile; fileRef = 7586A6AE247C4A3C006CF42A /* LaunchScreen.storyboard */; };
		7586A6B8247C6008006CF42A /* MemoryGame.swift in Sources */ = {isa = PBXBuildFile; fileRef = 7586A6B7247C6008006CF42A /* MemoryGame.swift */; };
		7586A6BA247C621C006CF42A /* EmojiMemoryGame.swift in Sources */ = {isa = PBXBuildFile; fileRef = 7586A6B9247C621C006CF42A /* EmojiMemoryGame.swift */; };
		759F749B252D1A190090E5E9 /* Grid.swift in Sources */ = {isa = PBXBuildFile; fileRef = 759F749A252D1A190090E5E9 /* Grid.swift */; };
		759F749E252D1E9A0090E5E9 /* GridLayout.swift in Sources */ = {isa = PBXBuildFile; fileRef = 759F749D252D1E9A0090E5E9 /* GridLayout.swift */; };
		759F74A1252D23B10090E5E9 /* Array+Identifiable.swift in Sources */ = {isa = PBXBuildFile; fileRef = 759F74A0252D23B10090E5E9 /* Array+Identifiable.swift */; };
		759F74A4252D31AA0090E5E9 /* Array+Only.swift in Sources */ = {isa = PBXBuildFile; fileRef = 759F74A3252D31AA0090E5E9 /* Array+Only.swift */; };
/* End PBXBuildFile section */

/* Begin PBXFileReference section */
		7586A6A0247C4A38006CF42A /* Memorize.app */ = {isa = PBXFileReference; explicitFileType = wrapper.application; includeInIndex = 0; path = Memorize.app; sourceTree = BUILT_PRODUCTS_DIR; };
		7586A6A3247C4A38006CF42A /* AppDelegate.swift */ = {isa = PBXFileReference; lastKnownFileType = sourcecode.swift; path = AppDelegate.swift; sourceTree = "<group>"; };
		7586A6A5247C4A38006CF42A /* SceneDelegate.swift */ = {isa = PBXFileReference; lastKnownFileType = sourcecode.swift; path = SceneDelegate.swift; sourceTree = "<group>"; };
		7586A6A7247C4A38006CF42A /* EmojiMemoryGameView.swift */ = {isa = PBXFileReference; lastKnownFileType = sourcecode.swift; path = EmojiMemoryGameView.swift; sourceTree = "<group>"; };
		7586A6A9247C4A3C006CF42A /* Assets.xcassets */ = {isa = PBXFileReference; lastKnownFileType = folder.assetcatalog; path = Assets.xcassets; sourceTree = "<group>"; };
		7586A6AC247C4A3C006CF42A /* Preview Assets.xcassets */ = {isa = PBXFileReference; lastKnownFileType = folder.assetcatalog; path = "Preview Assets.xcassets"; sourceTree = "<group>"; };
		7586A6AF247C4A3C006CF42A /* Base */ = {isa = PBXFileReference; lastKnownFileType = file.storyboard; name = Base; path = Base.lproj/LaunchScreen.storyboard; sourceTree = "<group>"; };
		7586A6B1247C4A3C006CF42A /* Info.plist */ = {isa = PBXFileReference; lastKnownFileType = text.plist.xml; path = Info.plist; sourceTree = "<group>"; };
		7586A6B7247C6008006CF42A /* MemoryGame.swift */ = {isa = PBXFileReference; lastKnownFileType = sourcecode.swift; path = MemoryGame.swift; sourceTree = "<group>"; };
		7586A6B9247C621C006CF42A /* EmojiMemoryGame.swift */ = {isa = PBXFileReference; lastKnownFileType = sourcecode.swift; path = EmojiMemoryGame.swift; sourceTree = "<group>"; };
		759F749A252D1A190090E5E9 /* Grid.swift */ = {isa = PBXFileReference; lastKnownFileType = sourcecode.swift; path = Grid.swift; sourceTree = "<group>"; };
		759F749D252D1E9A0090E5E9 /* GridLayout.swift */ = {isa = PBXFileReference; fileEncoding = 4; lastKnownFileType = sourcecode.swift; path = GridLayout.swift; sourceTree = "<group>"; };
		759F74A0252D23B10090E5E9 /* Array+Identifiable.swift */ = {isa = PBXFileReference; lastKnownFileType = sourcecode.swift; path = "Array+Identifiable.swift"; sourceTree = "<group>"; };
		759F74A3252D31AA0090E5E9 /* Array+Only.swift */ = {isa = PBXFileReference; lastKnownFileType = sourcecode.swift; path = "Array+Only.swift"; sourceTree = "<group>"; };
/* End PBXFileReference section */

/* Begin PBXFrameworksBuildPhase section */
		7586A69D247C4A38006CF42A /* Frameworks */ = {
			isa = PBXFrameworksBuildPhase;
			buildActionMask = 2147483647;
			files = (
			);
			runOnlyForDeploymentPostprocessing = 0;
		};
/* End PBXFrameworksBuildPhase section */

/* Begin PBXGroup section */
		7586A697247C4A38006CF42A = {
			isa = PBXGroup;
			children = (
				7586A6A2247C4A38006CF42A /* Memorize */,
				7586A6A1247C4A38006CF42A /* Products */,
			);
			sourceTree = "<group>";
		};
		7586A6A1247C4A38006CF42A /* Products */ = {
			isa = PBXGroup;
			children = (
				7586A6A0247C4A38006CF42A /* Memorize.app */,
			);
			name = Products;
			sourceTree = "<group>";
		};
		7586A6A2247C4A38006CF42A /* Memorize */ = {
			isa = PBXGroup;
			children = (
				7586A6B7247C6008006CF42A /* MemoryGame.swift */,
				759F74A3252D31AA0090E5E9 /* Array+Only.swift */,
				7586A6B9247C621C006CF42A /* EmojiMemoryGame.swift */,
				7586A6A3247C4A38006CF42A /* AppDelegate.swift */,
				7586A6A5247C4A38006CF42A /* SceneDelegate.swift */,
				759F749D252D1E9A0090E5E9 /* GridLayout.swift */,
				7586A6A7247C4A38006CF42A /* EmojiMemoryGameView.swift */,
				759F749A252D1A190090E5E9 /* Grid.swift */,
				759F74A0252D23B10090E5E9 /* Array+Identifiable.swift */,
				7586A6A9247C4A3C006CF42A /* Assets.xcassets */,
				7586A6AE247C4A3C006CF42A /* LaunchScreen.storyboard */,
				7586A6B1247C4A3C006CF42A /* Info.plist */,
				7586A6AB247C4A3C006CF42A /* Preview Content */,
			);
			path = Memorize;
			sourceTree = "<group>";
		};
		7586A6AB247C4A3C006CF42A /* Preview Content */ = {
			isa = PBXGroup;
			children = (
				7586A6AC247C4A3C006CF42A /* Preview Assets.xcassets */,
			);
			path = "Preview Content";
			sourceTree = "<group>";
		};
/* End PBXGroup section */

/* Begin PBXNativeTarget section */
		7586A69F247C4A38006CF42A /* Memorize */ = {
			isa = PBXNativeTarget;
			buildConfigurationList = 7586A6B4247C4A3C006CF42A /* Build configuration list for PBXNativeTarget "Memorize" */;
			buildPhases = (
				7586A69C247C4A38006CF42A /* Sources */,
				7586A69D247C4A38006CF42A /* Frameworks */,
				7586A69E247C4A38006CF42A /* Resources */,
			);
			buildRules = (
			);
			dependencies = (
			);
			name = Memorize;
			productName = Memorize;
			productReference = 7586A6A0247C4A38006CF42A /* Memorize.app */;
			productType = "com.apple.product-type.application";
		};
/* End PBXNativeTarget section */

/* Begin PBXProject section */
		7586A698247C4A38006CF42A /* Project object */ = {
			isa = PBXProject;
			attributes = {
				LastSwiftUpdateCheck = 1150;
				LastUpgradeCheck = 1200;
				ORGANIZATIONNAME = MemorizeApp;
				TargetAttributes = {
					7586A69F247C4A38006CF42A = {
						CreatedOnToolsVersion = 11.5;
					};
				};
			};
			buildConfigurationList = 7586A69B247C4A38006CF42A /* Build configuration list for PBXProject "Memorize" */;
			compatibilityVersion = "Xcode 9.3";
			developmentRegion = en;
			hasScannedForEncodings = 0;
			knownRegions = (
				en,
				Base,
			);
			mainGroup = 7586A697247C4A38006CF42A;
			productRefGroup = 7586A6A1247C4A38006CF42A /* Products */;
			projectDirPath = "";
			projectRoot = "";
			targets = (
				7586A69F247C4A38006CF42A /* Memorize */,
			);
		};
/* End PBXProject section */

/* Begin PBXResourcesBuildPhase section */
		7586A69E247C4A38006CF42A /* Resources */ = {
			isa = PBXResourcesBuildPhase;
			buildActionMask = 2147483647;
			files = (
				7586A6B0247C4A3C006CF42A /* LaunchScreen.storyboard in Resources */,
				7586A6AD247C4A3C006CF42A /* Preview Assets.xcassets in Resources */,
				7586A6AA247C4A3C006CF42A /* Assets.xcassets in Resources */,
			);
			runOnlyForDeploymentPostprocessing = 0;
		};
/* End PBXResourcesBuildPhase section */

/* Begin PBXSourcesBuildPhase section */
		7586A69C247C4A38006CF42A /* Sources */ = {
			isa = PBXSourcesBuildPhase;
			buildActionMask = 2147483647;
			files = (
				7586A6A4247C4A38006CF42A /* AppDelegate.swift in Sources */,
				7586A6A6247C4A38006CF42A /* SceneDelegate.swift in Sources */,
				7586A6B8247C6008006CF42A /* MemoryGame.swift in Sources */,
				759F74A4252D31AA0090E5E9 /* Array+Only.swift in Sources */,
				7586A6A8247C4A38006CF42A /* EmojiMemoryGameView.swift in Sources */,
				7586A6BA247C621C006CF42A /* EmojiMemoryGame.swift in Sources */,
				759F74A1252D23B10090E5E9 /* Array+Identifiable.swift in Sources */,
				759F749E252D1E9A0090E5E9 /* GridLayout.swift in Sources */,
				759F749B252D1A190090E5E9 /* Grid.swift in Sources */,
			);
			runOnlyForDeploymentPostprocessing = 0;
		};
/* End PBXSourcesBuildPhase section */

/* Begin PBXVariantGroup section */
		7586A6AE247C4A3C006CF42A /* LaunchScreen.storyboard */ = {
			isa = PBXVariantGroup;
			children = (
				7586A6AF247C4A3C006CF42A /* Base */,
			);
			name = LaunchScreen.storyboard;
			sourceTree = "<group>";
		};
/* End PBXVariantGroup section */

/* Begin XCBuildConfiguration section */
		7586A6B2247C4A3C006CF42A /* Debug */ = {
			isa = XCBuildConfiguration;
			buildSettings = {
				ALWAYS_SEARCH_USER_PATHS = NO;
				CLANG_ANALYZER_NONNULL = YES;
				CLANG_ANALYZER_NUMBER_OBJECT_CONVERSION = YES_AGGRESSIVE;
				CLANG_CXX_LANGUAGE_STANDARD = "gnu++14";
				CLANG_CXX_LIBRARY = "libc++";
				CLANG_ENABLE_MODULES = YES;
				CLANG_ENABLE_OBJC_ARC = YES;
				CLANG_ENABLE_OBJC_WEAK = YES;
				CLANG_WARN_BLOCK_CAPTURE_AUTORELEASING = YES;
				CLANG_WARN_BOOL_CONVERSION = YES;
				CLANG_WARN_COMMA = YES;
				CLANG_WARN_CONSTANT_CONVERSION = YES;
				CLANG_WARN_DEPRECATED_OBJC_IMPLEMENTATIONS = YES;
				CLANG_WARN_DIRECT_OBJC_ISA_USAGE = YES_ERROR;
				CLANG_WARN_DOCUMENTATION_COMMENTS = YES;
				CLANG_WARN_EMPTY_BODY = YES;
				CLANG_WARN_ENUM_CONVERSION = YES;
				CLANG_WARN_INFINITE_RECURSION = YES;
				CLANG_WARN_INT_CONVERSION = YES;
				CLANG_WARN_NON_LITERAL_NULL_CONVERSION = YES;
				CLANG_WARN_OBJC_IMPLICIT_RETAIN_SELF = YES;
				CLANG_WARN_OBJC_LITERAL_CONVERSION = YES;
				CLANG_WARN_OBJC_ROOT_CLASS = YES_ERROR;
				CLANG_WARN_QUOTED_INCLUDE_IN_FRAMEWORK_HEADER = YES;
				CLANG_WARN_RANGE_LOOP_ANALYSIS = YES;
				CLANG_WARN_STRICT_PROTOTYPES = YES;
				CLANG_WARN_SUSPICIOUS_MOVE = YES;
				CLANG_WARN_UNGUARDED_AVAILABILITY = YES_AGGRESSIVE;
				CLANG_WARN_UNREACHABLE_CODE = YES;
				CLANG_WARN__DUPLICATE_METHOD_MATCH = YES;
				COPY_PHASE_STRIP = NO;
				DEBUG_INFORMATION_FORMAT = dwarf;
				ENABLE_STRICT_OBJC_MSGSEND = YES;
				ENABLE_TESTABILITY = YES;
				GCC_C_LANGUAGE_STANDARD = gnu11;
				GCC_DYNAMIC_NO_PIC = NO;
				GCC_NO_COMMON_BLOCKS = YES;
				GCC_OPTIMIZATION_LEVEL = 0;
				GCC_PREPROCESSOR_DEFINITIONS = (
					"DEBUG=1",
					"$(inherited)",
				);
				GCC_WARN_64_TO_32_BIT_CONVERSION = YES;
				GCC_WARN_ABOUT_RETURN_TYPE = YES_ERROR;
				GCC_WARN_UNDECLARED_SELECTOR = YES;
				GCC_WARN_UNINITIALIZED_AUTOS = YES_AGGRESSIVE;
				GCC_WARN_UNUSED_FUNCTION = YES;
				GCC_WARN_UNUSED_VARIABLE = YES;
				IPHONEOS_DEPLOYMENT_TARGET = 14.0;
				MTL_ENABLE_DEBUG_INFO = INCLUDE_SOURCE;
				MTL_FAST_MATH = YES;
				ONLY_ACTIVE_ARCH = YES;
				SDKROOT = iphoneos;
				SWIFT_ACTIVE_COMPILATION_CONDITIONS = DEBUG;
				SWIFT_OPTIMIZATION_LEVEL = "-Onone";
			};
			name = Debug;
		};
		7586A6B3247C4A3C006CF42A /* Release */ = {
			isa = XCBuildConfiguration;
			buildSettings = {
				ALWAYS_SEARCH_USER_PATHS = NO;
				CLANG_ANALYZER_NONNULL = YES;
				CLANG_ANALYZER_NUMBER_OBJECT_CONVERSION = YES_AGGRESSIVE;
				CLANG_CXX_LANGUAGE_STANDARD = "gnu++14";
				CLANG_CXX_LIBRARY = "libc++";
				CLANG_ENABLE_MODULES = YES;
				CLANG_ENABLE_OBJC_ARC = YES;
				CLANG_ENABLE_OBJC_WEAK = YES;
				CLANG_WARN_BLOCK_CAPTURE_AUTORELEASING = YES;
				CLANG_WARN_BOOL_CONVERSION = YES;
				CLANG_WARN_COMMA = YES;
				CLANG_WARN_CONSTANT_CONVERSION = YES;
				CLANG_WARN_DEPRECATED_OBJC_IMPLEMENTATIONS = YES;
				CLANG_WARN_DIRECT_OBJC_ISA_USAGE = YES_ERROR;
				CLANG_WARN_DOCUMENTATION_COMMENTS = YES;
				CLANG_WARN_EMPTY_BODY = YES;
				CLANG_WARN_ENUM_CONVERSION = YES;
				CLANG_WARN_INFINITE_RECURSION = YES;
				CLANG_WARN_INT_CONVERSION = YES;
				CLANG_WARN_NON_LITERAL_NULL_CONVERSION = YES;
				CLANG_WARN_OBJC_IMPLICIT_RETAIN_SELF = YES;
				CLANG_WARN_OBJC_LITERAL_CONVERSION = YES;
				CLANG_WARN_OBJC_ROOT_CLASS = YES_ERROR;
				CLANG_WARN_QUOTED_INCLUDE_IN_FRAMEWORK_HEADER = YES;
				CLANG_WARN_RANGE_LOOP_ANALYSIS = YES;
				CLANG_WARN_STRICT_PROTOTYPES = YES;
				CLANG_WARN_SUSPICIOUS_MOVE = YES;
				CLANG_WARN_UNGUARDED_AVAILABILITY = YES_AGGRESSIVE;
				CLANG_WARN_UNREACHABLE_CODE = YES;
				CLANG_WARN__DUPLICATE_METHOD_MATCH = YES;
				COPY_PHASE_STRIP = NO;
				DEBUG_INFORMATION_FORMAT = "dwarf-with-dsym";
				ENABLE_NS_ASSERTIONS = NO;
				ENABLE_STRICT_OBJC_MSGSEND = YES;
				GCC_C_LANGUAGE_STANDARD = gnu11;
				GCC_NO_COMMON_BLOCKS = YES;
				GCC_WARN_64_TO_32_BIT_CONVERSION = YES;
				GCC_WARN_ABOUT_RETURN_TYPE = YES_ERROR;
				GCC_WARN_UNDECLARED_SELECTOR = YES;
				GCC_WARN_UNINITIALIZED_AUTOS = YES_AGGRESSIVE;
				GCC_WARN_UNUSED_FUNCTION = YES;
				GCC_WARN_UNUSED_VARIABLE = YES;
				IPHONEOS_DEPLOYMENT_TARGET = 14.0;
				MTL_ENABLE_DEBUG_INFO = NO;
				MTL_FAST_MATH = YES;
				SDKROOT = iphoneos;
				SWIFT_COMPILATION_MODE = wholemodule;
				SWIFT_OPTIMIZATION_LEVEL = "-O";
				VALIDATE_PRODUCT = YES;
			};
			name = Release;
		};
		7586A6B5247C4A3C006CF42A /* Debug */ = {
			isa = XCBuildConfiguration;
			buildSettings = {
				ASSETCATALOG_COMPILER_APPICON_NAME = AppIcon;
				CODE_SIGN_STYLE = Automatic;
				DEVELOPMENT_ASSET_PATHS = "\"Memorize/Preview Content\"";
				DEVELOPMENT_TEAM = 97CV63LJZ2;
				ENABLE_PREVIEWS = YES;
				INFOPLIST_FILE = Memorize/Info.plist;
				LD_RUNPATH_SEARCH_PATHS = (
					"$(inherited)",
					"@executable_path/Frameworks",
				);
				PRODUCT_BUNDLE_IDENTIFIER = qa.strongin.testproject.Memorize;
				PRODUCT_NAME = "$(TARGET_NAME)";
				SWIFT_VERSION = 5.0;
				TARGETED_DEVICE_FAMILY = "1,2";
			};
			name = Debug;
		};
		7586A6B6247C4A3C006CF42A /* Release */ = {
			isa = XCBuildConfiguration;
			buildSettings = {
				ASSETCATALOG_COMPILER_APPICON_NAME = AppIcon;
				CODE_SIGN_STYLE = Automatic;
				DEVELOPMENT_ASSET_PATHS = "\"Memorize/Preview Content\"";
				DEVELOPMENT_TEAM = 97CV63LJZ2;
				ENABLE_PREVIEWS = YES;
				INFOPLIST_FILE = Memorize/Info.plist;
				LD_RUNPATH_SEARCH_PATHS = (
					"$(inherited)",
					"@executable_path/Frameworks",
				);
				PRODUCT_BUNDLE_IDENTIFIER = qa.strongin.testproject.Memorize;
				PRODUCT_NAME = "$(TARGET_NAME)";
				SWIFT_VERSION = 5.0;
				TARGETED_DEVICE_FAMILY = "1,2";
			};
			name = Release;
		};
/* End XCBuildConfiguration section */

/* Begin XCConfigurationList section */
		7586A69B247C4A38006CF42A /* Build configuration list for PBXProject "Memorize" */ = {
			isa = XCConfigurationList;
			buildConfigurations = (
				7586A6B2247C4A3C006CF42A /* Debug */,
				7586A6B3247C4A3C006CF42A /* Release */,
			);
			defaultConfigurationIsVisible = 0;
			defaultConfigurationName = Release;
		};
		7586A6B4247C4A3C006CF42A /* Build configuration list for PBXNativeTarget "Memorize" */ = {
			isa = XCConfigurationList;
			buildConfigurations = (
				7586A6B5247C4A3C006CF42A /* Debug */,
				7586A6B6247C4A3C006CF42A /* Release */,
			);
			defaultConfigurationIsVisible = 0;
			defaultConfigurationName = Release;
		};
/* End XCConfigurationList section */
	};
	rootObject = 7586A698247C4A38006CF42A /* Project object */;
}
